
Microsoft Visual Studio Solution File, Format Version 12.00
# Visual Studio Version 17
VisualStudioVersion = 17.7.34018.315
MinimumVisualStudioVersion = 10.0.40219.1
Project("{FAE04EC0-301F-11D3-BF4B-00C04F79EFBC}") = "DZ_ 5", "DZ_ 5\DZ_ 5.csproj", "{DFBBD68A-C6E7-4F11-BA2A-040416B00A3F}"
EndProject
Project("{FAE04EC0-301F-11D3-BF4B-00C04F79EFBC}") = "DZ_5(2)", "DZ_5(2)\DZ_5(2).csproj", "{B293DA0D-DCA6-4C30-BB63-DCCE20083BE1}"
EndProject
Global
	GlobalSection(SolutionConfigurationPlatforms) = preSolution
		Debug|Any CPU = Debug|Any CPU
		Release|Any CPU = Release|Any CPU
	EndGlobalSection
	GlobalSection(ProjectConfigurationPlatforms) = postSolution
		{DFBBD68A-C6E7-4F11-BA2A-040416B00A3F}.Debug|Any CPU.ActiveCfg = Debug|Any CPU
		{DFBBD68A-C6E7-4F11-BA2A-040416B00A3F}.Debug|Any CPU.Build.0 = Debug|Any CPU
		{DFBBD68A-C6E7-4F11-BA2A-040416B00A3F}.Release|Any CPU.ActiveCfg = Release|Any CPU
		{DFBBD68A-C6E7-4F11-BA2A-040416B00A3F}.Release|Any CPU.Build.0 = Release|Any CPU
		{B293DA0D-DCA6-4C30-BB63-DCCE20083BE1}.Debug|Any CPU.ActiveCfg = Debug|Any CPU
		{B293DA0D-DCA6-4C30-BB63-DCCE20083BE1}.Debug|Any CPU.Build.0 = Debug|Any CPU
		{B293DA0D-DCA6-4C30-BB63-DCCE20083BE1}.Release|Any CPU.ActiveCfg = Release|Any CPU
		{B293DA0D-DCA6-4C30-BB63-DCCE20083BE1}.Release|Any CPU.Build.0 = Release|Any CPU
	EndGlobalSection
	GlobalSection(SolutionProperties) = preSolution
		HideSolutionNode = FALSE
	EndGlobalSection
	GlobalSection(ExtensibilityGlobals) = postSolution
		SolutionGuid = {23A6EF86-79E8-40F1-B7D9-512AF45B1953}
	EndGlobalSection
EndGlobal
